
Microsoft Visual Studio Solution File, Format Version 12.00
# Visual Studio Version 16
VisualStudioVersion = 16.0.30011.22
MinimumVisualStudioVersion = 10.0.40219.1
Project("{FAE04EC0-301F-11D3-BF4B-00C04F79EFBC}") = "HtmlWordsCounter", "HtmlWordsCounter\HtmlWordsCounter.csproj", "{8C732D70-1F81-4A95-9644-61DFA5370841}"
EndProject
Global
	GlobalSection(SolutionConfigurationPlatforms) = preSolution
		Debug|Any CPU = Debug|Any CPU
		Release|Any CPU = Release|Any CPU
	EndGlobalSection
	GlobalSection(ProjectConfigurationPlatforms) = postSolution
		{8C732D70-1F81-4A95-9644-61DFA5370841}.Debug|Any CPU.ActiveCfg = Debug|Any CPU
		{8C732D70-1F81-4A95-9644-61DFA5370841}.Debug|Any CPU.Build.0 = Debug|Any CPU
		{8C732D70-1F81-4A95-9644-61DFA5370841}.Release|Any CPU.ActiveCfg = Release|Any CPU
		{8C732D70-1F81-4A95-9644-61DFA5370841}.Release|Any CPU.Build.0 = Release|Any CPU
	EndGlobalSection
	GlobalSection(SolutionProperties) = preSolution
		HideSolutionNode = FALSE
	EndGlobalSection
	GlobalSection(ExtensibilityGlobals) = postSolution
		SolutionGuid = {87F2B235-EC42-4078-A263-F41C6F130A46}
	EndGlobalSection
EndGlobal
